
Microsoft Visual Studio Solution File, Format Version 12.00
# Visual Studio Version 16
VisualStudioVersion = 16.0.31005.135
MinimumVisualStudioVersion = 10.0.40219.1
Project("{FAE04EC0-301F-11D3-BF4B-00C04F79EFBC}") = "Interfaces200", "Interfaces200\Interfaces200.csproj", "{07F3F52D-0797-4FA2-A950-2A452299294B}"
EndProject
Global
	GlobalSection(SolutionConfigurationPlatforms) = preSolution
		Debug|Any CPU = Debug|Any CPU
		Release|Any CPU = Release|Any CPU
	EndGlobalSection
	GlobalSection(ProjectConfigurationPlatforms) = postSolution
		{07F3F52D-0797-4FA2-A950-2A452299294B}.Debug|Any CPU.ActiveCfg = Debug|Any CPU
		{07F3F52D-0797-4FA2-A950-2A452299294B}.Debug|Any CPU.Build.0 = Debug|Any CPU
		{07F3F52D-0797-4FA2-A950-2A452299294B}.Release|Any CPU.ActiveCfg = Release|Any CPU
		{07F3F52D-0797-4FA2-A950-2A452299294B}.Release|Any CPU.Build.0 = Release|Any CPU
	EndGlobalSection
	GlobalSection(SolutionProperties) = preSolution
		HideSolutionNode = FALSE
	EndGlobalSection
	GlobalSection(ExtensibilityGlobals) = postSolution
		SolutionGuid = {C4982AE2-C24E-4E98-B3E6-F90BAC18F277}
	EndGlobalSection
EndGlobal
