
Microsoft Visual Studio Solution File, Format Version 12.00
# Visual Studio Version 16
VisualStudioVersion = 16.0.31005.135
MinimumVisualStudioVersion = 10.0.40219.1
Project("{FAE04EC0-301F-11D3-BF4B-00C04F79EFBC}") = "Generics211", "Generics211\Generics211.csproj", "{5DDCA70D-AF56-4508-AE13-51C8E404CD96}"
EndProject
Global
	GlobalSection(SolutionConfigurationPlatforms) = preSolution
		Debug|Any CPU = Debug|Any CPU
		Release|Any CPU = Release|Any CPU
	EndGlobalSection
	GlobalSection(ProjectConfigurationPlatforms) = postSolution
		{5DDCA70D-AF56-4508-AE13-51C8E404CD96}.Debug|Any CPU.ActiveCfg = Debug|Any CPU
		{5DDCA70D-AF56-4508-AE13-51C8E404CD96}.Debug|Any CPU.Build.0 = Debug|Any CPU
		{5DDCA70D-AF56-4508-AE13-51C8E404CD96}.Release|Any CPU.ActiveCfg = Release|Any CPU
		{5DDCA70D-AF56-4508-AE13-51C8E404CD96}.Release|Any CPU.Build.0 = Release|Any CPU
	EndGlobalSection
	GlobalSection(SolutionProperties) = preSolution
		HideSolutionNode = FALSE
	EndGlobalSection
	GlobalSection(ExtensibilityGlobals) = postSolution
		SolutionGuid = {410B5A8F-38F0-43FA-8504-E4092125775E}
	EndGlobalSection
EndGlobal
