
Microsoft Visual Studio Solution File, Format Version 12.00
# Visual Studio Version 16
VisualStudioVersion = 16.0.31005.135
MinimumVisualStudioVersion = 10.0.40219.1
Project("{FAE04EC0-301F-11D3-BF4B-00C04F79EFBC}") = "TreinamentoDia4_Section10_131", "TreinamentoDia4_Section10_131\TreinamentoDia4_Section10_131.csproj", "{561400AC-B928-4280-9B23-36BBFC3AF061}"
EndProject
Global
	GlobalSection(SolutionConfigurationPlatforms) = preSolution
		Debug|Any CPU = Debug|Any CPU
		Release|Any CPU = Release|Any CPU
	EndGlobalSection
	GlobalSection(ProjectConfigurationPlatforms) = postSolution
		{561400AC-B928-4280-9B23-36BBFC3AF061}.Debug|Any CPU.ActiveCfg = Debug|Any CPU
		{561400AC-B928-4280-9B23-36BBFC3AF061}.Debug|Any CPU.Build.0 = Debug|Any CPU
		{561400AC-B928-4280-9B23-36BBFC3AF061}.Release|Any CPU.ActiveCfg = Release|Any CPU
		{561400AC-B928-4280-9B23-36BBFC3AF061}.Release|Any CPU.Build.0 = Release|Any CPU
	EndGlobalSection
	GlobalSection(SolutionProperties) = preSolution
		HideSolutionNode = FALSE
	EndGlobalSection
	GlobalSection(ExtensibilityGlobals) = postSolution
		SolutionGuid = {EE7DF35B-027F-47E1-A035-53ACFC9A382E}
	EndGlobalSection
EndGlobal
