
Microsoft Visual Studio Solution File, Format Version 12.00
# Visual Studio Version 16
VisualStudioVersion = 16.0.31005.135
MinimumVisualStudioVersion = 10.0.40219.1
Project("{FAE04EC0-301F-11D3-BF4B-00C04F79EFBC}") = "TreinamentoDia5_Section13_189", "TreinamentoDia5_Section13_189\TreinamentoDia5_Section13_189.csproj", "{A63F7912-0399-4847-910F-423567A95E0C}"
EndProject
Global
	GlobalSection(SolutionConfigurationPlatforms) = preSolution
		Debug|Any CPU = Debug|Any CPU
		Release|Any CPU = Release|Any CPU
	EndGlobalSection
	GlobalSection(ProjectConfigurationPlatforms) = postSolution
		{A63F7912-0399-4847-910F-423567A95E0C}.Debug|Any CPU.ActiveCfg = Debug|Any CPU
		{A63F7912-0399-4847-910F-423567A95E0C}.Debug|Any CPU.Build.0 = Debug|Any CPU
		{A63F7912-0399-4847-910F-423567A95E0C}.Release|Any CPU.ActiveCfg = Release|Any CPU
		{A63F7912-0399-4847-910F-423567A95E0C}.Release|Any CPU.Build.0 = Release|Any CPU
	EndGlobalSection
	GlobalSection(SolutionProperties) = preSolution
		HideSolutionNode = FALSE
	EndGlobalSection
	GlobalSection(ExtensibilityGlobals) = postSolution
		SolutionGuid = {839B75A1-B6F6-40E4-BD8F-0B698BB9FC0B}
	EndGlobalSection
EndGlobal
