
Microsoft Visual Studio Solution File, Format Version 12.00
# Visual Studio Version 16
VisualStudioVersion = 16.0.31005.135
MinimumVisualStudioVersion = 10.0.40219.1
Project("{FAE04EC0-301F-11D3-BF4B-00C04F79EFBC}") = "TreinamentoDia5_Section13_191", "TreinamentoDia5_Section13_191\TreinamentoDia5_Section13_191.csproj", "{A3412082-26B5-4DDE-B491-831244A61615}"
EndProject
Global
	GlobalSection(SolutionConfigurationPlatforms) = preSolution
		Debug|Any CPU = Debug|Any CPU
		Release|Any CPU = Release|Any CPU
	EndGlobalSection
	GlobalSection(ProjectConfigurationPlatforms) = postSolution
		{A3412082-26B5-4DDE-B491-831244A61615}.Debug|Any CPU.ActiveCfg = Debug|Any CPU
		{A3412082-26B5-4DDE-B491-831244A61615}.Debug|Any CPU.Build.0 = Debug|Any CPU
		{A3412082-26B5-4DDE-B491-831244A61615}.Release|Any CPU.ActiveCfg = Release|Any CPU
		{A3412082-26B5-4DDE-B491-831244A61615}.Release|Any CPU.Build.0 = Release|Any CPU
	EndGlobalSection
	GlobalSection(SolutionProperties) = preSolution
		HideSolutionNode = FALSE
	EndGlobalSection
	GlobalSection(ExtensibilityGlobals) = postSolution
		SolutionGuid = {A7ADB7CC-3088-40D5-9C41-DCF2E644C7A1}
	EndGlobalSection
EndGlobal
