
Microsoft Visual Studio Solution File, Format Version 12.00
# Visual Studio Version 16
VisualStudioVersion = 16.0.31005.135
MinimumVisualStudioVersion = 10.0.40219.1
Project("{FAE04EC0-301F-11D3-BF4B-00C04F79EFBC}") = "Generics206", "Generics206\Generics206.csproj", "{73B56688-42C7-4363-9C73-0ADD75F9DA15}"
EndProject
Global
	GlobalSection(SolutionConfigurationPlatforms) = preSolution
		Debug|Any CPU = Debug|Any CPU
		Release|Any CPU = Release|Any CPU
	EndGlobalSection
	GlobalSection(ProjectConfigurationPlatforms) = postSolution
		{73B56688-42C7-4363-9C73-0ADD75F9DA15}.Debug|Any CPU.ActiveCfg = Debug|Any CPU
		{73B56688-42C7-4363-9C73-0ADD75F9DA15}.Debug|Any CPU.Build.0 = Debug|Any CPU
		{73B56688-42C7-4363-9C73-0ADD75F9DA15}.Release|Any CPU.ActiveCfg = Release|Any CPU
		{73B56688-42C7-4363-9C73-0ADD75F9DA15}.Release|Any CPU.Build.0 = Release|Any CPU
	EndGlobalSection
	GlobalSection(SolutionProperties) = preSolution
		HideSolutionNode = FALSE
	EndGlobalSection
	GlobalSection(ExtensibilityGlobals) = postSolution
		SolutionGuid = {686C7132-FAC8-480D-934F-2F2AA47D94F4}
	EndGlobalSection
EndGlobal
