
Microsoft Visual Studio Solution File, Format Version 12.00
# Visual Studio Version 16
VisualStudioVersion = 16.0.31005.135
MinimumVisualStudioVersion = 10.0.40219.1
Project("{FAE04EC0-301F-11D3-BF4B-00C04F79EFBC}") = "Interfaces201", "Interfaces201\Interfaces201.csproj", "{D68B35CA-080D-473E-BC3F-29DD7BCD982A}"
EndProject
Global
	GlobalSection(SolutionConfigurationPlatforms) = preSolution
		Debug|Any CPU = Debug|Any CPU
		Release|Any CPU = Release|Any CPU
	EndGlobalSection
	GlobalSection(ProjectConfigurationPlatforms) = postSolution
		{D68B35CA-080D-473E-BC3F-29DD7BCD982A}.Debug|Any CPU.ActiveCfg = Debug|Any CPU
		{D68B35CA-080D-473E-BC3F-29DD7BCD982A}.Debug|Any CPU.Build.0 = Debug|Any CPU
		{D68B35CA-080D-473E-BC3F-29DD7BCD982A}.Release|Any CPU.ActiveCfg = Release|Any CPU
		{D68B35CA-080D-473E-BC3F-29DD7BCD982A}.Release|Any CPU.Build.0 = Release|Any CPU
	EndGlobalSection
	GlobalSection(SolutionProperties) = preSolution
		HideSolutionNode = FALSE
	EndGlobalSection
	GlobalSection(ExtensibilityGlobals) = postSolution
		SolutionGuid = {877FEF45-5CC0-496F-A355-CCAB7A450CC4}
	EndGlobalSection
EndGlobal
