
Microsoft Visual Studio Solution File, Format Version 12.00
# Visual Studio Version 16
VisualStudioVersion = 16.0.31005.135
MinimumVisualStudioVersion = 10.0.40219.1
Project("{FAE04EC0-301F-11D3-BF4B-00C04F79EFBC}") = "Interfaces194", "Interfaces194\Interfaces194.csproj", "{3B1D44DA-E601-45A5-A1DB-24A8F648F3EC}"
EndProject
Global
	GlobalSection(SolutionConfigurationPlatforms) = preSolution
		Debug|Any CPU = Debug|Any CPU
		Release|Any CPU = Release|Any CPU
	EndGlobalSection
	GlobalSection(ProjectConfigurationPlatforms) = postSolution
		{3B1D44DA-E601-45A5-A1DB-24A8F648F3EC}.Debug|Any CPU.ActiveCfg = Debug|Any CPU
		{3B1D44DA-E601-45A5-A1DB-24A8F648F3EC}.Debug|Any CPU.Build.0 = Debug|Any CPU
		{3B1D44DA-E601-45A5-A1DB-24A8F648F3EC}.Release|Any CPU.ActiveCfg = Release|Any CPU
		{3B1D44DA-E601-45A5-A1DB-24A8F648F3EC}.Release|Any CPU.Build.0 = Release|Any CPU
	EndGlobalSection
	GlobalSection(SolutionProperties) = preSolution
		HideSolutionNode = FALSE
	EndGlobalSection
	GlobalSection(ExtensibilityGlobals) = postSolution
		SolutionGuid = {E3B92675-4A40-4915-A759-F1F3FF2F5B3D}
	EndGlobalSection
EndGlobal
