
Microsoft Visual Studio Solution File, Format Version 12.00
# Visual Studio Version 16
VisualStudioVersion = 16.0.31005.135
MinimumVisualStudioVersion = 10.0.40219.1
Project("{FAE04EC0-301F-11D3-BF4B-00C04F79EFBC}") = "Generics210", "Generics210\Generics210.csproj", "{1618A129-5174-4C0D-B576-BFECAD710742}"
EndProject
Global
	GlobalSection(SolutionConfigurationPlatforms) = preSolution
		Debug|Any CPU = Debug|Any CPU
		Release|Any CPU = Release|Any CPU
	EndGlobalSection
	GlobalSection(ProjectConfigurationPlatforms) = postSolution
		{1618A129-5174-4C0D-B576-BFECAD710742}.Debug|Any CPU.ActiveCfg = Debug|Any CPU
		{1618A129-5174-4C0D-B576-BFECAD710742}.Debug|Any CPU.Build.0 = Debug|Any CPU
		{1618A129-5174-4C0D-B576-BFECAD710742}.Release|Any CPU.ActiveCfg = Release|Any CPU
		{1618A129-5174-4C0D-B576-BFECAD710742}.Release|Any CPU.Build.0 = Release|Any CPU
	EndGlobalSection
	GlobalSection(SolutionProperties) = preSolution
		HideSolutionNode = FALSE
	EndGlobalSection
	GlobalSection(ExtensibilityGlobals) = postSolution
		SolutionGuid = {693BC12B-4614-4783-8564-F69FA60429B3}
	EndGlobalSection
EndGlobal
