
Microsoft Visual Studio Solution File, Format Version 12.00
# Visual Studio Version 16
VisualStudioVersion = 16.0.31005.135
MinimumVisualStudioVersion = 10.0.40219.1
Project("{FAE04EC0-301F-11D3-BF4B-00C04F79EFBC}") = "TreinamentoDia4_Section11_143", "TreinamentoDia4_Section11_143\TreinamentoDia4_Section11_143.csproj", "{91025148-9AAF-4E81-B3BF-1E8FD2691071}"
EndProject
Global
	GlobalSection(SolutionConfigurationPlatforms) = preSolution
		Debug|Any CPU = Debug|Any CPU
		Release|Any CPU = Release|Any CPU
	EndGlobalSection
	GlobalSection(ProjectConfigurationPlatforms) = postSolution
		{91025148-9AAF-4E81-B3BF-1E8FD2691071}.Debug|Any CPU.ActiveCfg = Debug|Any CPU
		{91025148-9AAF-4E81-B3BF-1E8FD2691071}.Debug|Any CPU.Build.0 = Debug|Any CPU
		{91025148-9AAF-4E81-B3BF-1E8FD2691071}.Release|Any CPU.ActiveCfg = Release|Any CPU
		{91025148-9AAF-4E81-B3BF-1E8FD2691071}.Release|Any CPU.Build.0 = Release|Any CPU
	EndGlobalSection
	GlobalSection(SolutionProperties) = preSolution
		HideSolutionNode = FALSE
	EndGlobalSection
	GlobalSection(ExtensibilityGlobals) = postSolution
		SolutionGuid = {BD7D6DD8-DC4F-40D1-AC8D-D824222A4C5F}
	EndGlobalSection
EndGlobal
