
Microsoft Visual Studio Solution File, Format Version 12.00
# Visual Studio Version 16
VisualStudioVersion = 16.0.31005.135
MinimumVisualStudioVersion = 10.0.40219.1
Project("{FAE04EC0-301F-11D3-BF4B-00C04F79EFBC}") = "Generics209", "Generics209\Generics209.csproj", "{932D2E29-7025-4765-A653-A48DECC8243E}"
EndProject
Global
	GlobalSection(SolutionConfigurationPlatforms) = preSolution
		Debug|Any CPU = Debug|Any CPU
		Release|Any CPU = Release|Any CPU
	EndGlobalSection
	GlobalSection(ProjectConfigurationPlatforms) = postSolution
		{932D2E29-7025-4765-A653-A48DECC8243E}.Debug|Any CPU.ActiveCfg = Debug|Any CPU
		{932D2E29-7025-4765-A653-A48DECC8243E}.Debug|Any CPU.Build.0 = Debug|Any CPU
		{932D2E29-7025-4765-A653-A48DECC8243E}.Release|Any CPU.ActiveCfg = Release|Any CPU
		{932D2E29-7025-4765-A653-A48DECC8243E}.Release|Any CPU.Build.0 = Release|Any CPU
	EndGlobalSection
	GlobalSection(SolutionProperties) = preSolution
		HideSolutionNode = FALSE
	EndGlobalSection
	GlobalSection(ExtensibilityGlobals) = postSolution
		SolutionGuid = {9A674455-3520-4FB4-B0C8-CCB5EDB18E6F}
	EndGlobalSection
EndGlobal
